
Microsoft Visual Studio Solution File, Format Version 12.00
# Visual Studio Version 17
VisualStudioVersion = 17.8.34525.116
MinimumVisualStudioVersion = 10.0.40219.1
Project("{8BC9CEB8-8B4A-11D0-8D11-00A0C91BC942}") = "SyntaxChecker", "SyntaxChecker\SyntaxChecker.vcxproj", "{C000BBF6-EAD0-4998-8F88-364B4C746C4B}"
EndProject
Global
	GlobalSection(SolutionConfigurationPlatforms) = preSolution
		Debug|x64 = Debug|x64
		Debug|x86 = Debug|x86
		Release|x64 = Release|x64
		Release|x86 = Release|x86
	EndGlobalSection
	GlobalSection(ProjectConfigurationPlatforms) = postSolution
		{C000BBF6-EAD0-4998-8F88-364B4C746C4B}.Debug|x64.ActiveCfg = Debug|x64
		{C000BBF6-EAD0-4998-8F88-364B4C746C4B}.Debug|x64.Build.0 = Debug|x64
		{C000BBF6-EAD0-4998-8F88-364B4C746C4B}.Debug|x86.ActiveCfg = Debug|Win32
		{C000BBF6-EAD0-4998-8F88-364B4C746C4B}.Debug|x86.Build.0 = Debug|Win32
		{C000BBF6-EAD0-4998-8F88-364B4C746C4B}.Release|x64.ActiveCfg = Release|x64
		{C000BBF6-EAD0-4998-8F88-364B4C746C4B}.Release|x64.Build.0 = Release|x64
		{C000BBF6-EAD0-4998-8F88-364B4C746C4B}.Release|x86.ActiveCfg = Release|Win32
		{C000BBF6-EAD0-4998-8F88-364B4C746C4B}.Release|x86.Build.0 = Release|Win32
	EndGlobalSection
	GlobalSection(SolutionProperties) = preSolution
		HideSolutionNode = FALSE
	EndGlobalSection
	GlobalSection(ExtensibilityGlobals) = postSolution
		SolutionGuid = {F0A5A033-7EA9-4512-8CAB-D4E410E4B282}
	EndGlobalSection
EndGlobal
